
Microsoft Visual Studio Solution File, Format Version 12.00
# Visual Studio Version 17
VisualStudioVersion = 17.8.34322.80
MinimumVisualStudioVersion = 10.0.40219.1
Project("{FAE04EC0-301F-11D3-BF4B-00C04F79EFBC}") = "CRM.API", "CRM.API\CRM.API.csproj", "{6C665864-FFF3-4E91-A56A-DFA022B488A8}"
EndProject
Project("{FAE04EC0-301F-11D3-BF4B-00C04F79EFBC}") = "CRM.Domain", "CRM.Domain\CRM.Domain.csproj", "{992A3A9F-0B1C-4809-83F3-844D9E57F4C6}"
EndProject
Project("{FAE04EC0-301F-11D3-BF4B-00C04F79EFBC}") = "CRM.Application", "CRM.Application\CRM.Application.csproj", "{F8C672C1-C032-4B0D-89F0-86AC6B591162}"
EndProject
Project("{FAE04EC0-301F-11D3-BF4B-00C04F79EFBC}") = "CRM.Infrastructure", "CRM.Infrastructure\CRM.Infrastructure.csproj", "{960453ED-0077-4AA3-97A7-658FBD6B8E91}"
EndProject
Project("{FAE04EC0-301F-11D3-BF4B-00C04F79EFBC}") = "CRM.Shared", "CRM.Shared\CRM.Shared.csproj", "{940026B9-F3E7-4D66-818B-CE2F9BF44A47}"
EndProject
Global
	GlobalSection(SolutionConfigurationPlatforms) = preSolution
		Debug|Any CPU = Debug|Any CPU
		Release|Any CPU = Release|Any CPU
	EndGlobalSection
	GlobalSection(ProjectConfigurationPlatforms) = postSolution
		{6C665864-FFF3-4E91-A56A-DFA022B488A8}.Debug|Any CPU.ActiveCfg = Debug|Any CPU
		{6C665864-FFF3-4E91-A56A-DFA022B488A8}.Debug|Any CPU.Build.0 = Debug|Any CPU
		{6C665864-FFF3-4E91-A56A-DFA022B488A8}.Release|Any CPU.ActiveCfg = Release|Any CPU
		{6C665864-FFF3-4E91-A56A-DFA022B488A8}.Release|Any CPU.Build.0 = Release|Any CPU
		{992A3A9F-0B1C-4809-83F3-844D9E57F4C6}.Debug|Any CPU.ActiveCfg = Debug|Any CPU
		{992A3A9F-0B1C-4809-83F3-844D9E57F4C6}.Debug|Any CPU.Build.0 = Debug|Any CPU
		{992A3A9F-0B1C-4809-83F3-844D9E57F4C6}.Release|Any CPU.ActiveCfg = Release|Any CPU
		{992A3A9F-0B1C-4809-83F3-844D9E57F4C6}.Release|Any CPU.Build.0 = Release|Any CPU
		{F8C672C1-C032-4B0D-89F0-86AC6B591162}.Debug|Any CPU.ActiveCfg = Debug|Any CPU
		{F8C672C1-C032-4B0D-89F0-86AC6B591162}.Debug|Any CPU.Build.0 = Debug|Any CPU
		{F8C672C1-C032-4B0D-89F0-86AC6B591162}.Release|Any CPU.ActiveCfg = Release|Any CPU
		{F8C672C1-C032-4B0D-89F0-86AC6B591162}.Release|Any CPU.Build.0 = Release|Any CPU
		{960453ED-0077-4AA3-97A7-658FBD6B8E91}.Debug|Any CPU.ActiveCfg = Debug|Any CPU
		{960453ED-0077-4AA3-97A7-658FBD6B8E91}.Debug|Any CPU.Build.0 = Debug|Any CPU
		{960453ED-0077-4AA3-97A7-658FBD6B8E91}.Release|Any CPU.ActiveCfg = Release|Any CPU
		{960453ED-0077-4AA3-97A7-658FBD6B8E91}.Release|Any CPU.Build.0 = Release|Any CPU
		{940026B9-F3E7-4D66-818B-CE2F9BF44A47}.Debug|Any CPU.ActiveCfg = Debug|Any CPU
		{940026B9-F3E7-4D66-818B-CE2F9BF44A47}.Debug|Any CPU.Build.0 = Debug|Any CPU
		{940026B9-F3E7-4D66-818B-CE2F9BF44A47}.Release|Any CPU.ActiveCfg = Release|Any CPU
		{940026B9-F3E7-4D66-818B-CE2F9BF44A47}.Release|Any CPU.Build.0 = Release|Any CPU
	EndGlobalSection
	GlobalSection(SolutionProperties) = preSolution
		HideSolutionNode = FALSE
	EndGlobalSection
	GlobalSection(ExtensibilityGlobals) = postSolution
		SolutionGuid = {46AEE101-7D8A-41AA-BAB1-6A6CE99165C6}
	EndGlobalSection
EndGlobal
